
Microsoft Visual Studio Solution File, Format Version 12.00
# Visual Studio 15
VisualStudioVersion = 15.0.28010.2026
MinimumVisualStudioVersion = 10.0.40219.1
Project("{FAE04EC0-301F-11D3-BF4B-00C04F79EFBC}") = "GUI for sql table", "GUI for sql table\GUI for sql table.csproj", "{A1545895-EEA1-4315-8829-06805A441014}"
EndProject
Global
	GlobalSection(SolutionConfigurationPlatforms) = preSolution
		Debug|Any CPU = Debug|Any CPU
		Release|Any CPU = Release|Any CPU
	EndGlobalSection
	GlobalSection(ProjectConfigurationPlatforms) = postSolution
		{A1545895-EEA1-4315-8829-06805A441014}.Debug|Any CPU.ActiveCfg = Debug|Any CPU
		{A1545895-EEA1-4315-8829-06805A441014}.Debug|Any CPU.Build.0 = Debug|Any CPU
		{A1545895-EEA1-4315-8829-06805A441014}.Release|Any CPU.ActiveCfg = Release|Any CPU
		{A1545895-EEA1-4315-8829-06805A441014}.Release|Any CPU.Build.0 = Release|Any CPU
	EndGlobalSection
	GlobalSection(SolutionProperties) = preSolution
		HideSolutionNode = FALSE
	EndGlobalSection
	GlobalSection(ExtensibilityGlobals) = postSolution
		SolutionGuid = {13DBBF17-484A-4466-A493-2DC0CDE7C980}
	EndGlobalSection
EndGlobal
